
Microsoft Visual Studio Solution File, Format Version 12.00
# Visual Studio Version 16
VisualStudioVersion = 16.0.29209.62
MinimumVisualStudioVersion = 10.0.40219.1
Project("{FAE04EC0-301F-11D3-BF4B-00C04F79EFBC}") = "WsDualHttpBinding_SqlTableDependency_PoC.WPF", "WsDualHttpBinding_SqlTableDependency_PoC\WsDualHttpBinding_SqlTableDependency_PoC.WPF.csproj", "{86700458-EF66-4E7F-BA0B-28AFB51DCC0D}"
	ProjectSection(ProjectDependencies) = postProject
		{4CC58205-CDB5-4EE6-BCDC-6D02131DCF17} = {4CC58205-CDB5-4EE6-BCDC-6D02131DCF17}
	EndProjectSection
EndProject
Project("{FAE04EC0-301F-11D3-BF4B-00C04F79EFBC}") = "WsDualHttpBinding_SqlTableDependency_PoC.WCF", "WsDualHttpBinding_SqlTableDependency_PoC.WCF\WsDualHttpBinding_SqlTableDependency_PoC.WCF.csproj", "{4CC58205-CDB5-4EE6-BCDC-6D02131DCF17}"
EndProject
Global
	GlobalSection(SolutionConfigurationPlatforms) = preSolution
		Debug|Any CPU = Debug|Any CPU
		Release|Any CPU = Release|Any CPU
	EndGlobalSection
	GlobalSection(ProjectConfigurationPlatforms) = postSolution
		{86700458-EF66-4E7F-BA0B-28AFB51DCC0D}.Debug|Any CPU.ActiveCfg = Debug|Any CPU
		{86700458-EF66-4E7F-BA0B-28AFB51DCC0D}.Debug|Any CPU.Build.0 = Debug|Any CPU
		{86700458-EF66-4E7F-BA0B-28AFB51DCC0D}.Release|Any CPU.ActiveCfg = Release|Any CPU
		{86700458-EF66-4E7F-BA0B-28AFB51DCC0D}.Release|Any CPU.Build.0 = Release|Any CPU
		{4CC58205-CDB5-4EE6-BCDC-6D02131DCF17}.Debug|Any CPU.ActiveCfg = Debug|Any CPU
		{4CC58205-CDB5-4EE6-BCDC-6D02131DCF17}.Debug|Any CPU.Build.0 = Debug|Any CPU
		{4CC58205-CDB5-4EE6-BCDC-6D02131DCF17}.Release|Any CPU.ActiveCfg = Release|Any CPU
		{4CC58205-CDB5-4EE6-BCDC-6D02131DCF17}.Release|Any CPU.Build.0 = Release|Any CPU
	EndGlobalSection
	GlobalSection(SolutionProperties) = preSolution
		HideSolutionNode = FALSE
	EndGlobalSection
	GlobalSection(ExtensibilityGlobals) = postSolution
		SolutionGuid = {2B205C4B-E5C8-44C2-B9AD-6C9B8E31C3CC}
	EndGlobalSection
EndGlobal
